// !$*UTF8*$!
{
	archiveVersion = 1;
	classes = {
	};
	objectVersion = 46;
	objects = {

/* Begin PBXBuildFile section */
		361797FC1F45B1D700F23298 /* Sodium.h in Headers */ = {isa = PBXBuildFile; fileRef = 361797FA1F45B1D700F23298 /* Sodium.h */; settings = {ATTRIBUTES = (Public, ); }; };
		367B24332119E880008D8DF5 /* AWSSignature.swift in Sources */ = {isa = PBXBuildFile; fileRef = 367B24322119E880008D8DF5 /* AWSSignature.swift */; };
		367B24352119ED32008D8DF5 /* Array+Extension.swift in Sources */ = {isa = PBXBuildFile; fileRef = 367B24342119ED32008D8DF5 /* Array+Extension.swift */; };
		368890002044249A00A20D90 /* crypto_stream_salsa208.h in Headers */ = {isa = PBXBuildFile; fileRef = 36888FC42044249400A20D90 /* crypto_stream_salsa208.h */; settings = {ATTRIBUTES = (Public, ); }; };
		368890012044249A00A20D90 /* crypto_core_hsalsa20.h in Headers */ = {isa = PBXBuildFile; fileRef = 36888FC52044249400A20D90 /* crypto_core_hsalsa20.h */; settings = {ATTRIBUTES = (Public, ); }; };
		368890022044249A00A20D90 /* crypto_onetimeauth.h in Headers */ = {isa = PBXBuildFile; fileRef = 36888FC62044249400A20D90 /* crypto_onetimeauth.h */; settings = {ATTRIBUTES = (Public, ); }; };
		368890032044249A00A20D90 /* crypto_auth_hmacsha512256.h in Headers */ = {isa = PBXBuildFile; fileRef = 36888FC72044249500A20D90 /* crypto_auth_hmacsha512256.h */; settings = {ATTRIBUTES = (Public, ); }; };
		368890042044249A00A20D90 /* randombytes_sysrandom.h in Headers */ = {isa = PBXBuildFile; fileRef = 36888FC82044249500A20D90 /* randombytes_sysrandom.h */; settings = {ATTRIBUTES = (Public, ); }; };
		368890052044249A00A20D90 /* crypto_aead_chacha20poly1305.h in Headers */ = {isa = PBXBuildFile; fileRef = 36888FC92044249500A20D90 /* crypto_aead_chacha20poly1305.h */; settings = {ATTRIBUTES = (Public, ); }; };
		368890062044249A00A20D90 /* crypto_scalarmult_ed25519.h in Headers */ = {isa = PBXBuildFile; fileRef = 36888FCA2044249500A20D90 /* crypto_scalarmult_ed25519.h */; settings = {ATTRIBUTES = (Public, ); }; };
		368890072044249A00A20D90 /* randombytes_salsa20_random.h in Headers */ = {isa = PBXBuildFile; fileRef = 36888FCB2044249500A20D90 /* randombytes_salsa20_random.h */; settings = {ATTRIBUTES = (Public, ); }; };
		368890082044249A00A20D90 /* crypto_stream_xsalsa20.h in Headers */ = {isa = PBXBuildFile; fileRef = 36888FCC2044249500A20D90 /* crypto_stream_xsalsa20.h */; settings = {ATTRIBUTES = (Public, ); }; };
		368890092044249A00A20D90 /* version.h in Headers */ = {isa = PBXBuildFile; fileRef = 36888FCD2044249500A20D90 /* version.h */; settings = {ATTRIBUTES = (Public, ); }; };
		3688900A2044249A00A20D90 /* crypto_sign_edwards25519sha512batch.h in Headers */ = {isa = PBXBuildFile; fileRef = 36888FCE2044249500A20D90 /* crypto_sign_edwards25519sha512batch.h */; settings = {ATTRIBUTES = (Public, ); }; };
		3688900B2044249A00A20D90 /* crypto_box.h in Headers */ = {isa = PBXBuildFile; fileRef = 36888FCF2044249500A20D90 /* crypto_box.h */; settings = {ATTRIBUTES = (Public, ); }; };
		3688900C2044249A00A20D90 /* crypto_hash.h in Headers */ = {isa = PBXBuildFile; fileRef = 36888FD02044249500A20D90 /* crypto_hash.h */; settings = {ATTRIBUTES = (Public, ); }; };
		3688900D2044249A00A20D90 /* crypto_auth_hmacsha512.h in Headers */ = {isa = PBXBuildFile; fileRef = 36888FD12044249500A20D90 /* crypto_auth_hmacsha512.h */; settings = {ATTRIBUTES = (Public, ); }; };
		3688900E2044249A00A20D90 /* crypto_kdf_blake2b.h in Headers */ = {isa = PBXBuildFile; fileRef = 36888FD22044249500A20D90 /* crypto_kdf_blake2b.h */; settings = {ATTRIBUTES = (Public, ); }; };
		3688900F2044249A00A20D90 /* randombytes.h in Headers */ = {isa = PBXBuildFile; fileRef = 36888FD32044249500A20D90 /* randombytes.h */; settings = {ATTRIBUTES = (Public, ); }; };
		368890102044249A00A20D90 /* crypto_secretbox.h in Headers */ = {isa = PBXBuildFile; fileRef = 36888FD42044249500A20D90 /* crypto_secretbox.h */; settings = {ATTRIBUTES = (Public, ); }; };
		368890112044249A00A20D90 /* crypto_stream.h in Headers */ = {isa = PBXBuildFile; fileRef = 36888FD52044249500A20D90 /* crypto_stream.h */; settings = {ATTRIBUTES = (Public, ); }; };
		368890122044249A00A20D90 /* crypto_generichash.h in Headers */ = {isa = PBXBuildFile; fileRef = 36888FD62044249600A20D90 /* crypto_generichash.h */; settings = {ATTRIBUTES = (Public, ); }; };
		368890132044249A00A20D90 /* crypto_sign_ed25519.h in Headers */ = {isa = PBXBuildFile; fileRef = 36888FD72044249600A20D90 /* crypto_sign_ed25519.h */; settings = {ATTRIBUTES = (Public, ); }; };
		368890142044249A00A20D90 /* crypto_verify_32.h in Headers */ = {isa = PBXBuildFile; fileRef = 36888FD82044249600A20D90 /* crypto_verify_32.h */; settings = {ATTRIBUTES = (Public, ); }; };
		368890152044249A00A20D90 /* crypto_kx.h in Headers */ = {isa = PBXBuildFile; fileRef = 36888FD92044249600A20D90 /* crypto_kx.h */; settings = {ATTRIBUTES = (Public, ); }; };
		368890162044249A00A20D90 /* core.h in Headers */ = {isa = PBXBuildFile; fileRef = 36888FDA2044249600A20D90 /* core.h */; settings = {ATTRIBUTES = (Public, ); }; };
		368890172044249A00A20D90 /* crypto_pwhash_argon2i.h in Headers */ = {isa = PBXBuildFile; fileRef = 36888FDB2044249600A20D90 /* crypto_pwhash_argon2i.h */; settings = {ATTRIBUTES = (Public, ); }; };
		368890182044249A00A20D90 /* crypto_auth_hmacsha256.h in Headers */ = {isa = PBXBuildFile; fileRef = 36888FDC2044249600A20D90 /* crypto_auth_hmacsha256.h */; settings = {ATTRIBUTES = (Public, ); }; };
		368890192044249A00A20D90 /* crypto_sign.h in Headers */ = {isa = PBXBuildFile; fileRef = 36888FDD2044249600A20D90 /* crypto_sign.h */; settings = {ATTRIBUTES = (Public, ); }; };
		3688901A2044249A00A20D90 /* crypto_pwhash_scryptsalsa208sha256.h in Headers */ = {isa = PBXBuildFile; fileRef = 36888FDE2044249600A20D90 /* crypto_pwhash_scryptsalsa208sha256.h */; settings = {ATTRIBUTES = (Public, ); }; };
		3688901B2044249A00A20D90 /* crypto_stream_salsa2012.h in Headers */ = {isa = PBXBuildFile; fileRef = 36888FDF2044249600A20D90 /* crypto_stream_salsa2012.h */; settings = {ATTRIBUTES = (Public, ); }; };
		3688901C2044249A00A20D90 /* export.h in Headers */ = {isa = PBXBuildFile; fileRef = 36888FE02044249600A20D90 /* export.h */; settings = {ATTRIBUTES = (Public, ); }; };
		3688901D2044249A00A20D90 /* crypto_pwhash_argon2id.h in Headers */ = {isa = PBXBuildFile; fileRef = 36888FE12044249600A20D90 /* crypto_pwhash_argon2id.h */; settings = {ATTRIBUTES = (Public, ); }; };
		3688901E2044249A00A20D90 /* crypto_stream_chacha20.h in Headers */ = {isa = PBXBuildFile; fileRef = 36888FE22044249600A20D90 /* crypto_stream_chacha20.h */; settings = {ATTRIBUTES = (Public, ); }; };
		3688901F2044249A00A20D90 /* crypto_hash_sha512.h in Headers */ = {isa = PBXBuildFile; fileRef = 36888FE32044249600A20D90 /* crypto_hash_sha512.h */; settings = {ATTRIBUTES = (Public, ); }; };
		368890202044249A00A20D90 /* crypto_secretstream_xchacha20poly1305.h in Headers */ = {isa = PBXBuildFile; fileRef = 36888FE42044249700A20D90 /* crypto_secretstream_xchacha20poly1305.h */; settings = {ATTRIBUTES = (Public, ); }; };
		368890212044249A00A20D90 /* utils.h in Headers */ = {isa = PBXBuildFile; fileRef = 36888FE52044249700A20D90 /* utils.h */; settings = {ATTRIBUTES = (Public, ); }; };
		368890222044249A00A20D90 /* crypto_kdf.h in Headers */ = {isa = PBXBuildFile; fileRef = 36888FE62044249700A20D90 /* crypto_kdf.h */; settings = {ATTRIBUTES = (Public, ); }; };
		368890232044249A00A20D90 /* crypto_shorthash.h in Headers */ = {isa = PBXBuildFile; fileRef = 36888FE72044249700A20D90 /* crypto_shorthash.h */; settings = {ATTRIBUTES = (Public, ); }; };
		368890242044249A00A20D90 /* crypto_auth.h in Headers */ = {isa = PBXBuildFile; fileRef = 36888FE82044249700A20D90 /* crypto_auth.h */; settings = {ATTRIBUTES = (Public, ); }; };
		368890252044249A00A20D90 /* runtime.h in Headers */ = {isa = PBXBuildFile; fileRef = 36888FE92044249700A20D90 /* runtime.h */; settings = {ATTRIBUTES = (Public, ); }; };
		368890262044249A00A20D90 /* crypto_secretbox_xchacha20poly1305.h in Headers */ = {isa = PBXBuildFile; fileRef = 36888FEA2044249700A20D90 /* crypto_secretbox_xchacha20poly1305.h */; settings = {ATTRIBUTES = (Public, ); }; };
		368890272044249A00A20D90 /* crypto_verify_16.h in Headers */ = {isa = PBXBuildFile; fileRef = 36888FEB2044249700A20D90 /* crypto_verify_16.h */; settings = {ATTRIBUTES = (Public, ); }; };
		368890282044249A00A20D90 /* crypto_box_curve25519xsalsa20poly1305.h in Headers */ = {isa = PBXBuildFile; fileRef = 36888FEC2044249700A20D90 /* crypto_box_curve25519xsalsa20poly1305.h */; settings = {ATTRIBUTES = (Public, ); }; };
		368890292044249A00A20D90 /* crypto_scalarmult_curve25519.h in Headers */ = {isa = PBXBuildFile; fileRef = 36888FED2044249700A20D90 /* crypto_scalarmult_curve25519.h */; settings = {ATTRIBUTES = (Public, ); }; };
		3688902A2044249A00A20D90 /* crypto_aead_aes256gcm.h in Headers */ = {isa = PBXBuildFile; fileRef = 36888FEE2044249800A20D90 /* crypto_aead_aes256gcm.h */; settings = {ATTRIBUTES = (Public, ); }; };
		3688902B2044249A00A20D90 /* crypto_stream_salsa20.h in Headers */ = {isa = PBXBuildFile; fileRef = 36888FEF2044249800A20D90 /* crypto_stream_salsa20.h */; settings = {ATTRIBUTES = (Public, ); }; };
		3688902C2044249A00A20D90 /* crypto_core_hchacha20.h in Headers */ = {isa = PBXBuildFile; fileRef = 36888FF02044249800A20D90 /* crypto_core_hchacha20.h */; settings = {ATTRIBUTES = (Public, ); }; };
		3688902D2044249A00A20D90 /* crypto_box_curve25519xchacha20poly1305.h in Headers */ = {isa = PBXBuildFile; fileRef = 36888FF12044249800A20D90 /* crypto_box_curve25519xchacha20poly1305.h */; settings = {ATTRIBUTES = (Public, ); }; };
		3688902E2044249A00A20D90 /* crypto_core_ed25519.h in Headers */ = {isa = PBXBuildFile; fileRef = 36888FF22044249800A20D90 /* crypto_core_ed25519.h */; settings = {ATTRIBUTES = (Public, ); }; };
		3688902F2044249A00A20D90 /* crypto_stream_xchacha20.h in Headers */ = {isa = PBXBuildFile; fileRef = 36888FF32044249800A20D90 /* crypto_stream_xchacha20.h */; settings = {ATTRIBUTES = (Public, ); }; };
		368890302044249A00A20D90 /* crypto_verify_64.h in Headers */ = {isa = PBXBuildFile; fileRef = 36888FF42044249800A20D90 /* crypto_verify_64.h */; settings = {ATTRIBUTES = (Public, ); }; };
		368890312044249A00A20D90 /* crypto_pwhash.h in Headers */ = {isa = PBXBuildFile; fileRef = 36888FF52044249800A20D90 /* crypto_pwhash.h */; settings = {ATTRIBUTES = (Public, ); }; };
		368890322044249A00A20D90 /* crypto_scalarmult.h in Headers */ = {isa = PBXBuildFile; fileRef = 36888FF62044249800A20D90 /* crypto_scalarmult.h */; settings = {ATTRIBUTES = (Public, ); }; };
		368890332044249A00A20D90 /* crypto_aead_xchacha20poly1305.h in Headers */ = {isa = PBXBuildFile; fileRef = 36888FF72044249900A20D90 /* crypto_aead_xchacha20poly1305.h */; settings = {ATTRIBUTES = (Public, ); }; };
		368890342044249A00A20D90 /* crypto_core_salsa2012.h in Headers */ = {isa = PBXBuildFile; fileRef = 36888FF82044249900A20D90 /* crypto_core_salsa2012.h */; settings = {ATTRIBUTES = (Public, ); }; };
		368890352044249A00A20D90 /* crypto_secretbox_xsalsa20poly1305.h in Headers */ = {isa = PBXBuildFile; fileRef = 36888FF92044249900A20D90 /* crypto_secretbox_xsalsa20poly1305.h */; settings = {ATTRIBUTES = (Public, ); }; };
		368890362044249A00A20D90 /* crypto_core_salsa20.h in Headers */ = {isa = PBXBuildFile; fileRef = 36888FFA2044249900A20D90 /* crypto_core_salsa20.h */; settings = {ATTRIBUTES = (Public, ); }; };
		368890372044249A00A20D90 /* crypto_core_salsa208.h in Headers */ = {isa = PBXBuildFile; fileRef = 36888FFB2044249900A20D90 /* crypto_core_salsa208.h */; settings = {ATTRIBUTES = (Public, ); }; };
		368890382044249A00A20D90 /* crypto_hash_sha256.h in Headers */ = {isa = PBXBuildFile; fileRef = 36888FFC2044249900A20D90 /* crypto_hash_sha256.h */; settings = {ATTRIBUTES = (Public, ); }; };
		368890392044249A00A20D90 /* crypto_shorthash_siphash24.h in Headers */ = {isa = PBXBuildFile; fileRef = 36888FFD2044249900A20D90 /* crypto_shorthash_siphash24.h */; settings = {ATTRIBUTES = (Public, ); }; };
		3688903A2044249A00A20D90 /* crypto_onetimeauth_poly1305.h in Headers */ = {isa = PBXBuildFile; fileRef = 36888FFE2044249900A20D90 /* crypto_onetimeauth_poly1305.h */; settings = {ATTRIBUTES = (Public, ); }; };
		3688903B2044249A00A20D90 /* crypto_generichash_blake2b.h in Headers */ = {isa = PBXBuildFile; fileRef = 36888FFF2044249900A20D90 /* crypto_generichash_blake2b.h */; settings = {ATTRIBUTES = (Public, ); }; };
		3688903D204424AF00A20D90 /* libsodium.a in Frameworks */ = {isa = PBXBuildFile; fileRef = 3688903C204424AF00A20D90 /* libsodium.a */; };
		36AE23AC1F7D0FB400487FFC /* Hash.swift in Sources */ = {isa = PBXBuildFile; fileRef = 36AE23AB1F7D0FB400487FFC /* Hash.swift */; };
		36AE23AE1F7D147600487FFC /* DataExtensions.swift in Sources */ = {isa = PBXBuildFile; fileRef = 36AE23AD1F7D147600487FFC /* DataExtensions.swift */; };
		36AE23BF1F7D31CA00487FFC /* Box.swift in Sources */ = {isa = PBXBuildFile; fileRef = 36AE23BE1F7D31CA00487FFC /* Box.swift */; };
		36AE23C11F7D31D100487FFC /* SecretBox.swift in Sources */ = {isa = PBXBuildFile; fileRef = 36AE23C01F7D31D100487FFC /* SecretBox.swift */; };
		36D363131F7E7EF6001207EC /* KeyPair.swift in Sources */ = {isa = PBXBuildFile; fileRef = 36D363121F7E7EF6001207EC /* KeyPair.swift */; };
		36D5294C2044284D009DFBA8 /* Sodium.swift in Sources */ = {isa = PBXBuildFile; fileRef = 36D5294B2044284D009DFBA8 /* Sodium.swift */; };
		36D5294E20442961009DFBA8 /* Error.swift in Sources */ = {isa = PBXBuildFile; fileRef = 36D5294D20442960009DFBA8 /* Error.swift */; };
		36D5295D204430DD009DFBA8 /* SodiumTests2.swift in Sources */ = {isa = PBXBuildFile; fileRef = 36D5295C204430DD009DFBA8 /* SodiumTests2.swift */; };
		36D5295F204430DD009DFBA8 /* Sodium.framework in Frameworks */ = {isa = PBXBuildFile; fileRef = 361797F71F45B1D700F23298 /* Sodium.framework */; };
/* End PBXBuildFile section */

/* Begin PBXContainerItemProxy section */
		36D52960204430DD009DFBA8 /* PBXContainerItemProxy */ = {
			isa = PBXContainerItemProxy;
			containerPortal = 361797E81F45AC1600F23298 /* Project object */;
			proxyType = 1;
			remoteGlobalIDString = 361797F61F45B1D700F23298;
			remoteInfo = Sodium;
		};
/* End PBXContainerItemProxy section */

/* Begin PBXFileReference section */
		361797F71F45B1D700F23298 /* Sodium.framework */ = {isa = PBXFileReference; explicitFileType = wrapper.framework; includeInIndex = 0; path = Sodium.framework; sourceTree = BUILT_PRODUCTS_DIR; };
		361797FA1F45B1D700F23298 /* Sodium.h */ = {isa = PBXFileReference; lastKnownFileType = sourcecode.c.h; path = Sodium.h; sourceTree = "<group>"; };
		361797FB1F45B1D700F23298 /* Info.plist */ = {isa = PBXFileReference; lastKnownFileType = text.plist.xml; path = Info.plist; sourceTree = "<group>"; };
		367B24322119E880008D8DF5 /* AWSSignature.swift */ = {isa = PBXFileReference; lastKnownFileType = sourcecode.swift; path = AWSSignature.swift; sourceTree = "<group>"; };
		367B24342119ED32008D8DF5 /* Array+Extension.swift */ = {isa = PBXFileReference; lastKnownFileType = sourcecode.swift; path = "Array+Extension.swift"; sourceTree = "<group>"; };
		36888FC42044249400A20D90 /* crypto_stream_salsa208.h */ = {isa = PBXFileReference; fileEncoding = 4; lastKnownFileType = sourcecode.c.h; name = crypto_stream_salsa208.h; path = Headers/crypto_stream_salsa208.h; sourceTree = "<group>"; };
		36888FC52044249400A20D90 /* crypto_core_hsalsa20.h */ = {isa = PBXFileReference; fileEncoding = 4; lastKnownFileType = sourcecode.c.h; name = crypto_core_hsalsa20.h; path = Headers/crypto_core_hsalsa20.h; sourceTree = "<group>"; };
		36888FC62044249400A20D90 /* crypto_onetimeauth.h */ = {isa = PBXFileReference; fileEncoding = 4; lastKnownFileType = sourcecode.c.h; name = crypto_onetimeauth.h; path = Headers/crypto_onetimeauth.h; sourceTree = "<group>"; };
		36888FC72044249500A20D90 /* crypto_auth_hmacsha512256.h */ = {isa = PBXFileReference; fileEncoding = 4; lastKnownFileType = sourcecode.c.h; name = crypto_auth_hmacsha512256.h; path = Headers/crypto_auth_hmacsha512256.h; sourceTree = "<group>"; };
		36888FC82044249500A20D90 /* randombytes_sysrandom.h */ = {isa = PBXFileReference; fileEncoding = 4; lastKnownFileType = sourcecode.c.h; name = randombytes_sysrandom.h; path = Headers/randombytes_sysrandom.h; sourceTree = "<group>"; };
		36888FC92044249500A20D90 /* crypto_aead_chacha20poly1305.h */ = {isa = PBXFileReference; fileEncoding = 4; lastKnownFileType = sourcecode.c.h; name = crypto_aead_chacha20poly1305.h; path = Headers/crypto_aead_chacha20poly1305.h; sourceTree = "<group>"; };
		36888FCA2044249500A20D90 /* crypto_scalarmult_ed25519.h */ = {isa = PBXFileReference; fileEncoding = 4; lastKnownFileType = sourcecode.c.h; name = crypto_scalarmult_ed25519.h; path = Headers/crypto_scalarmult_ed25519.h; sourceTree = "<group>"; };
		36888FCB2044249500A20D90 /* randombytes_salsa20_random.h */ = {isa = PBXFileReference; fileEncoding = 4; lastKnownFileType = sourcecode.c.h; name = randombytes_salsa20_random.h; path = Headers/randombytes_salsa20_random.h; sourceTree = "<group>"; };
		36888FCC2044249500A20D90 /* crypto_stream_xsalsa20.h */ = {isa = PBXFileReference; fileEncoding = 4; lastKnownFileType = sourcecode.c.h; name = crypto_stream_xsalsa20.h; path = Headers/crypto_stream_xsalsa20.h; sourceTree = "<group>"; };
		36888FCD2044249500A20D90 /* version.h */ = {isa = PBXFileReference; fileEncoding = 4; lastKnownFileType = sourcecode.c.h; name = version.h; path = Headers/version.h; sourceTree = "<group>"; };
		36888FCE2044249500A20D90 /* crypto_sign_edwards25519sha512batch.h */ = {isa = PBXFileReference; fileEncoding = 4; lastKnownFileType = sourcecode.c.h; name = crypto_sign_edwards25519sha512batch.h; path = Headers/crypto_sign_edwards25519sha512batch.h; sourceTree = "<group>"; };
		36888FCF2044249500A20D90 /* crypto_box.h */ = {isa = PBXFileReference; fileEncoding = 4; lastKnownFileType = sourcecode.c.h; name = crypto_box.h; path = Headers/crypto_box.h; sourceTree = "<group>"; };
		36888FD02044249500A20D90 /* crypto_hash.h */ = {isa = PBXFileReference; fileEncoding = 4; lastKnownFileType = sourcecode.c.h; name = crypto_hash.h; path = Headers/crypto_hash.h; sourceTree = "<group>"; };
		36888FD12044249500A20D90 /* crypto_auth_hmacsha512.h */ = {isa = PBXFileReference; fileEncoding = 4; lastKnownFileType = sourcecode.c.h; name = crypto_auth_hmacsha512.h; path = Headers/crypto_auth_hmacsha512.h; sourceTree = "<group>"; };
		36888FD22044249500A20D90 /* crypto_kdf_blake2b.h */ = {isa = PBXFileReference; fileEncoding = 4; lastKnownFileType = sourcecode.c.h; name = crypto_kdf_blake2b.h; path = Headers/crypto_kdf_blake2b.h; sourceTree = "<group>"; };
		36888FD32044249500A20D90 /* randombytes.h */ = {isa = PBXFileReference; fileEncoding = 4; lastKnownFileType = sourcecode.c.h; name = randombytes.h; path = Headers/randombytes.h; sourceTree = "<group>"; };
		36888FD42044249500A20D90 /* crypto_secretbox.h */ = {isa = PBXFileReference; fileEncoding = 4; lastKnownFileType = sourcecode.c.h; name = crypto_secretbox.h; path = Headers/crypto_secretbox.h; sourceTree = "<group>"; };
		36888FD52044249500A20D90 /* crypto_stream.h */ = {isa = PBXFileReference; fileEncoding = 4; lastKnownFileType = sourcecode.c.h; name = crypto_stream.h; path = Headers/crypto_stream.h; sourceTree = "<group>"; };
		36888FD62044249600A20D90 /* crypto_generichash.h */ = {isa = PBXFileReference; fileEncoding = 4; lastKnownFileType = sourcecode.c.h; name = crypto_generichash.h; path = Headers/crypto_generichash.h; sourceTree = "<group>"; };
		36888FD72044249600A20D90 /* crypto_sign_ed25519.h */ = {isa = PBXFileReference; fileEncoding = 4; lastKnownFileType = sourcecode.c.h; name = crypto_sign_ed25519.h; path = Headers/crypto_sign_ed25519.h; sourceTree = "<group>"; };
		36888FD82044249600A20D90 /* crypto_verify_32.h */ = {isa = PBXFileReference; fileEncoding = 4; lastKnownFileType = sourcecode.c.h; name = crypto_verify_32.h; path = Headers/crypto_verify_32.h; sourceTree = "<group>"; };
		36888FD92044249600A20D90 /* crypto_kx.h */ = {isa = PBXFileReference; fileEncoding = 4; lastKnownFileType = sourcecode.c.h; name = crypto_kx.h; path = Headers/crypto_kx.h; sourceTree = "<group>"; };
		36888FDA2044249600A20D90 /* core.h */ = {isa = PBXFileReference; fileEncoding = 4; lastKnownFileType = sourcecode.c.h; name = core.h; path = Headers/core.h; sourceTree = "<group>"; };
		36888FDB2044249600A20D90 /* crypto_pwhash_argon2i.h */ = {isa = PBXFileReference; fileEncoding = 4; lastKnownFileType = sourcecode.c.h; name = crypto_pwhash_argon2i.h; path = Headers/crypto_pwhash_argon2i.h; sourceTree = "<group>"; };
		36888FDC2044249600A20D90 /* crypto_auth_hmacsha256.h */ = {isa = PBXFileReference; fileEncoding = 4; lastKnownFileType = sourcecode.c.h; name = crypto_auth_hmacsha256.h; path = Headers/crypto_auth_hmacsha256.h; sourceTree = "<group>"; };
		36888FDD2044249600A20D90 /* crypto_sign.h */ = {isa = PBXFileReference; fileEncoding = 4; lastKnownFileType = sourcecode.c.h; name = crypto_sign.h; path = Headers/crypto_sign.h; sourceTree = "<group>"; };
		36888FDE2044249600A20D90 /* crypto_pwhash_scryptsalsa208sha256.h */ = {isa = PBXFileReference; fileEncoding = 4; lastKnownFileType = sourcecode.c.h; name = crypto_pwhash_scryptsalsa208sha256.h; path = Headers/crypto_pwhash_scryptsalsa208sha256.h; sourceTree = "<group>"; };
		36888FDF2044249600A20D90 /* crypto_stream_salsa2012.h */ = {isa = PBXFileReference; fileEncoding = 4; lastKnownFileType = sourcecode.c.h; name = crypto_stream_salsa2012.h; path = Headers/crypto_stream_salsa2012.h; sourceTree = "<group>"; };
		36888FE02044249600A20D90 /* export.h */ = {isa = PBXFileReference; fileEncoding = 4; lastKnownFileType = sourcecode.c.h; name = export.h; path = Headers/export.h; sourceTree = "<group>"; };
		36888FE12044249600A20D90 /* crypto_pwhash_argon2id.h */ = {isa = PBXFileReference; fileEncoding = 4; lastKnownFileType = sourcecode.c.h; name = crypto_pwhash_argon2id.h; path = Headers/crypto_pwhash_argon2id.h; sourceTree = "<group>"; };
		36888FE22044249600A20D90 /* crypto_stream_chacha20.h */ = {isa = PBXFileReference; fileEncoding = 4; lastKnownFileType = sourcecode.c.h; name = crypto_stream_chacha20.h; path = Headers/crypto_stream_chacha20.h; sourceTree = "<group>"; };
		36888FE32044249600A20D90 /* crypto_hash_sha512.h */ = {isa = PBXFileReference; fileEncoding = 4; lastKnownFileType = sourcecode.c.h; name = crypto_hash_sha512.h; path = Headers/crypto_hash_sha512.h; sourceTree = "<group>"; };
		36888FE42044249700A20D90 /* crypto_secretstream_xchacha20poly1305.h */ = {isa = PBXFileReference; fileEncoding = 4; lastKnownFileType = sourcecode.c.h; name = crypto_secretstream_xchacha20poly1305.h; path = Headers/crypto_secretstream_xchacha20poly1305.h; sourceTree = "<group>"; };
		36888FE52044249700A20D90 /* utils.h */ = {isa = PBXFileReference; fileEncoding = 4; lastKnownFileType = sourcecode.c.h; name = utils.h; path = Headers/utils.h; sourceTree = "<group>"; };
		36888FE62044249700A20D90 /* crypto_kdf.h */ = {isa = PBXFileReference; fileEncoding = 4; lastKnownFileType = sourcecode.c.h; name = crypto_kdf.h; path = Headers/crypto_kdf.h; sourceTree = "<group>"; };
		36888FE72044249700A20D90 /* crypto_shorthash.h */ = {isa = PBXFileReference; fileEncoding = 4; lastKnownFileType = sourcecode.c.h; name = crypto_shorthash.h; path = Headers/crypto_shorthash.h; sourceTree = "<group>"; };
		36888FE82044249700A20D90 /* crypto_auth.h */ = {isa = PBXFileReference; fileEncoding = 4; lastKnownFileType = sourcecode.c.h; name = crypto_auth.h; path = Headers/crypto_auth.h; sourceTree = "<group>"; };
		36888FE92044249700A20D90 /* runtime.h */ = {isa = PBXFileReference; fileEncoding = 4; lastKnownFileType = sourcecode.c.h; name = runtime.h; path = Headers/runtime.h; sourceTree = "<group>"; };
		36888FEA2044249700A20D90 /* crypto_secretbox_xchacha20poly1305.h */ = {isa = PBXFileReference; fileEncoding = 4; lastKnownFileType = sourcecode.c.h; name = crypto_secretbox_xchacha20poly1305.h; path = Headers/crypto_secretbox_xchacha20poly1305.h; sourceTree = "<group>"; };
		36888FEB2044249700A20D90 /* crypto_verify_16.h */ = {isa = PBXFileReference; fileEncoding = 4; lastKnownFileType = sourcecode.c.h; name = crypto_verify_16.h; path = Headers/crypto_verify_16.h; sourceTree = "<group>"; };
		36888FEC2044249700A20D90 /* crypto_box_curve25519xsalsa20poly1305.h */ = {isa = PBXFileReference; fileEncoding = 4; lastKnownFileType = sourcecode.c.h; name = crypto_box_curve25519xsalsa20poly1305.h; path = Headers/crypto_box_curve25519xsalsa20poly1305.h; sourceTree = "<group>"; };
		36888FED2044249700A20D90 /* crypto_scalarmult_curve25519.h */ = {isa = PBXFileReference; fileEncoding = 4; lastKnownFileType = sourcecode.c.h; name = crypto_scalarmult_curve25519.h; path = Headers/crypto_scalarmult_curve25519.h; sourceTree = "<group>"; };
		36888FEE2044249800A20D90 /* crypto_aead_aes256gcm.h */ = {isa = PBXFileReference; fileEncoding = 4; lastKnownFileType = sourcecode.c.h; name = crypto_aead_aes256gcm.h; path = Headers/crypto_aead_aes256gcm.h; sourceTree = "<group>"; };
		36888FEF2044249800A20D90 /* crypto_stream_salsa20.h */ = {isa = PBXFileReference; fileEncoding = 4; lastKnownFileType = sourcecode.c.h; name = crypto_stream_salsa20.h; path = Headers/crypto_stream_salsa20.h; sourceTree = "<group>"; };
		36888FF02044249800A20D90 /* crypto_core_hchacha20.h */ = {isa = PBXFileReference; fileEncoding = 4; lastKnownFileType = sourcecode.c.h; name = crypto_core_hchacha20.h; path = Headers/crypto_core_hchacha20.h; sourceTree = "<group>"; };
		36888FF12044249800A20D90 /* crypto_box_curve25519xchacha20poly1305.h */ = {isa = PBXFileReference; fileEncoding = 4; lastKnownFileType = sourcecode.c.h; name = crypto_box_curve25519xchacha20poly1305.h; path = Headers/crypto_box_curve25519xchacha20poly1305.h; sourceTree = "<group>"; };
		36888FF22044249800A20D90 /* crypto_core_ed25519.h */ = {isa = PBXFileReference; fileEncoding = 4; lastKnownFileType = sourcecode.c.h; name = crypto_core_ed25519.h; path = Headers/crypto_core_ed25519.h; sourceTree = "<group>"; };
		36888FF32044249800A20D90 /* crypto_stream_xchacha20.h */ = {isa = PBXFileReference; fileEncoding = 4; lastKnownFileType = sourcecode.c.h; name = crypto_stream_xchacha20.h; path = Headers/crypto_stream_xchacha20.h; sourceTree = "<group>"; };
		36888FF42044249800A20D90 /* crypto_verify_64.h */ = {isa = PBXFileReference; fileEncoding = 4; lastKnownFileType = sourcecode.c.h; name = crypto_verify_64.h; path = Headers/crypto_verify_64.h; sourceTree = "<group>"; };
		36888FF52044249800A20D90 /* crypto_pwhash.h */ = {isa = PBXFileReference; fileEncoding = 4; lastKnownFileType = sourcecode.c.h; name = crypto_pwhash.h; path = Headers/crypto_pwhash.h; sourceTree = "<group>"; };
		36888FF62044249800A20D90 /* crypto_scalarmult.h */ = {isa = PBXFileReference; fileEncoding = 4; lastKnownFileType = sourcecode.c.h; name = crypto_scalarmult.h; path = Headers/crypto_scalarmult.h; sourceTree = "<group>"; };
		36888FF72044249900A20D90 /* crypto_aead_xchacha20poly1305.h */ = {isa = PBXFileReference; fileEncoding = 4; lastKnownFileType = sourcecode.c.h; name = crypto_aead_xchacha20poly1305.h; path = Headers/crypto_aead_xchacha20poly1305.h; sourceTree = "<group>"; };
		36888FF82044249900A20D90 /* crypto_core_salsa2012.h */ = {isa = PBXFileReference; fileEncoding = 4; lastKnownFileType = sourcecode.c.h; name = crypto_core_salsa2012.h; path = Headers/crypto_core_salsa2012.h; sourceTree = "<group>"; };
		36888FF92044249900A20D90 /* crypto_secretbox_xsalsa20poly1305.h */ = {isa = PBXFileReference; fileEncoding = 4; lastKnownFileType = sourcecode.c.h; name = crypto_secretbox_xsalsa20poly1305.h; path = Headers/crypto_secretbox_xsalsa20poly1305.h; sourceTree = "<group>"; };
		36888FFA2044249900A20D90 /* crypto_core_salsa20.h */ = {isa = PBXFileReference; fileEncoding = 4; lastKnownFileType = sourcecode.c.h; name = crypto_core_salsa20.h; path = Headers/crypto_core_salsa20.h; sourceTree = "<group>"; };
		36888FFB2044249900A20D90 /* crypto_core_salsa208.h */ = {isa = PBXFileReference; fileEncoding = 4; lastKnownFileType = sourcecode.c.h; name = crypto_core_salsa208.h; path = Headers/crypto_core_salsa208.h; sourceTree = "<group>"; };
		36888FFC2044249900A20D90 /* crypto_hash_sha256.h */ = {isa = PBXFileReference; fileEncoding = 4; lastKnownFileType = sourcecode.c.h; name = crypto_hash_sha256.h; path = Headers/crypto_hash_sha256.h; sourceTree = "<group>"; };
		36888FFD2044249900A20D90 /* crypto_shorthash_siphash24.h */ = {isa = PBXFileReference; fileEncoding = 4; lastKnownFileType = sourcecode.c.h; name = crypto_shorthash_siphash24.h; path = Headers/crypto_shorthash_siphash24.h; sourceTree = "<group>"; };
		36888FFE2044249900A20D90 /* crypto_onetimeauth_poly1305.h */ = {isa = PBXFileReference; fileEncoding = 4; lastKnownFileType = sourcecode.c.h; name = crypto_onetimeauth_poly1305.h; path = Headers/crypto_onetimeauth_poly1305.h; sourceTree = "<group>"; };
		36888FFF2044249900A20D90 /* crypto_generichash_blake2b.h */ = {isa = PBXFileReference; fileEncoding = 4; lastKnownFileType = sourcecode.c.h; name = crypto_generichash_blake2b.h; path = Headers/crypto_generichash_blake2b.h; sourceTree = "<group>"; };
		3688903C204424AF00A20D90 /* libsodium.a */ = {isa = PBXFileReference; lastKnownFileType = archive.ar; path = libsodium.a; sourceTree = SOURCE_ROOT; };
		36AE23AB1F7D0FB400487FFC /* Hash.swift */ = {isa = PBXFileReference; lastKnownFileType = sourcecode.swift; path = Hash.swift; sourceTree = "<group>"; };
		36AE23AD1F7D147600487FFC /* DataExtensions.swift */ = {isa = PBXFileReference; lastKnownFileType = sourcecode.swift; path = DataExtensions.swift; sourceTree = "<group>"; };
		36AE23BE1F7D31CA00487FFC /* Box.swift */ = {isa = PBXFileReference; lastKnownFileType = sourcecode.swift; path = Box.swift; sourceTree = "<group>"; };
		36AE23C01F7D31D100487FFC /* SecretBox.swift */ = {isa = PBXFileReference; lastKnownFileType = sourcecode.swift; path = SecretBox.swift; sourceTree = "<group>"; };
		36D363121F7E7EF6001207EC /* KeyPair.swift */ = {isa = PBXFileReference; lastKnownFileType = sourcecode.swift; path = KeyPair.swift; sourceTree = "<group>"; };
		36D5294B2044284D009DFBA8 /* Sodium.swift */ = {isa = PBXFileReference; lastKnownFileType = sourcecode.swift; path = Sodium.swift; sourceTree = "<group>"; };
		36D5294D20442960009DFBA8 /* Error.swift */ = {isa = PBXFileReference; lastKnownFileType = sourcecode.swift; path = Error.swift; sourceTree = "<group>"; };
		36D5295020442E08009DFBA8 /* Security.framework */ = {isa = PBXFileReference; lastKnownFileType = wrapper.framework; name = Security.framework; path = Platforms/iPhoneOS.platform/Developer/SDKs/iPhoneOS11.2.sdk/System/Library/Frameworks/Security.framework; sourceTree = DEVELOPER_DIR; };
		36D5295A204430DD009DFBA8 /* SodiumTests.xctest */ = {isa = PBXFileReference; explicitFileType = wrapper.cfbundle; includeInIndex = 0; path = SodiumTests.xctest; sourceTree = BUILT_PRODUCTS_DIR; };
		36D5295C204430DD009DFBA8 /* SodiumTests2.swift */ = {isa = PBXFileReference; lastKnownFileType = sourcecode.swift; path = SodiumTests2.swift; sourceTree = "<group>"; };
		36D5295E204430DD009DFBA8 /* Info.plist */ = {isa = PBXFileReference; lastKnownFileType = text.plist.xml; path = Info.plist; sourceTree = "<group>"; };
/* End PBXFileReference section */

/* Begin PBXFrameworksBuildPhase section */
		361797F31F45B1D700F23298 /* Frameworks */ = {
			isa = PBXFrameworksBuildPhase;
			buildActionMask = 2147483647;
			files = (
				3688903D204424AF00A20D90 /* libsodium.a in Frameworks */,
			);
			runOnlyForDeploymentPostprocessing = 0;
		};
		36D52957204430DD009DFBA8 /* Frameworks */ = {
			isa = PBXFrameworksBuildPhase;
			buildActionMask = 2147483647;
			files = (
				36D5295F204430DD009DFBA8 /* Sodium.framework in Frameworks */,
			);
			runOnlyForDeploymentPostprocessing = 0;
		};
/* End PBXFrameworksBuildPhase section */

/* Begin PBXGroup section */
		361797E71F45AC1600F23298 = {
			isa = PBXGroup;
			children = (
				361797F91F45B1D700F23298 /* Sodium */,
				36D5295B204430DD009DFBA8 /* SodiumTests2 */,
				361797F81F45B1D700F23298 /* Products */,
				36D5294F20442E08009DFBA8 /* Frameworks */,
			);
			sourceTree = "<group>";
			usesTabs = 1;
		};
		361797F81F45B1D700F23298 /* Products */ = {
			isa = PBXGroup;
			children = (
				361797F71F45B1D700F23298 /* Sodium.framework */,
				36D5295A204430DD009DFBA8 /* SodiumTests.xctest */,
			);
			name = Products;
			sourceTree = "<group>";
		};
		361797F91F45B1D700F23298 /* Sodium */ = {
			isa = PBXGroup;
			children = (
				36AE23AA1F7D0FA300487FFC /* SwiftAPI */,
				361798001F45B1DD00F23298 /* Headers */,
				361797FA1F45B1D700F23298 /* Sodium.h */,
				361797FB1F45B1D700F23298 /* Info.plist */,
				3688903C204424AF00A20D90 /* libsodium.a */,
			);
			path = Sodium;
			sourceTree = "<group>";
		};
		361798001F45B1DD00F23298 /* Headers */ = {
			isa = PBXGroup;
			children = (
				36888FDA2044249600A20D90 /* core.h */,
				36888FEE2044249800A20D90 /* crypto_aead_aes256gcm.h */,
				36888FC92044249500A20D90 /* crypto_aead_chacha20poly1305.h */,
				36888FF72044249900A20D90 /* crypto_aead_xchacha20poly1305.h */,
				36888FDC2044249600A20D90 /* crypto_auth_hmacsha256.h */,
				36888FD12044249500A20D90 /* crypto_auth_hmacsha512.h */,
				36888FC72044249500A20D90 /* crypto_auth_hmacsha512256.h */,
				36888FE82044249700A20D90 /* crypto_auth.h */,
				36888FF12044249800A20D90 /* crypto_box_curve25519xchacha20poly1305.h */,
				36888FEC2044249700A20D90 /* crypto_box_curve25519xsalsa20poly1305.h */,
				36888FCF2044249500A20D90 /* crypto_box.h */,
				36888FF22044249800A20D90 /* crypto_core_ed25519.h */,
				36888FF02044249800A20D90 /* crypto_core_hchacha20.h */,
				36888FC52044249400A20D90 /* crypto_core_hsalsa20.h */,
				36888FFA2044249900A20D90 /* crypto_core_salsa20.h */,
				36888FFB2044249900A20D90 /* crypto_core_salsa208.h */,
				36888FF82044249900A20D90 /* crypto_core_salsa2012.h */,
				36888FFF2044249900A20D90 /* crypto_generichash_blake2b.h */,
				36888FD62044249600A20D90 /* crypto_generichash.h */,
				36888FFC2044249900A20D90 /* crypto_hash_sha256.h */,
				36888FE32044249600A20D90 /* crypto_hash_sha512.h */,
				36888FD02044249500A20D90 /* crypto_hash.h */,
				36888FD22044249500A20D90 /* crypto_kdf_blake2b.h */,
				36888FE62044249700A20D90 /* crypto_kdf.h */,
				36888FD92044249600A20D90 /* crypto_kx.h */,
				36888FFE2044249900A20D90 /* crypto_onetimeauth_poly1305.h */,
				36888FC62044249400A20D90 /* crypto_onetimeauth.h */,
				36888FDB2044249600A20D90 /* crypto_pwhash_argon2i.h */,
				36888FE12044249600A20D90 /* crypto_pwhash_argon2id.h */,
				36888FDE2044249600A20D90 /* crypto_pwhash_scryptsalsa208sha256.h */,
				36888FF52044249800A20D90 /* crypto_pwhash.h */,
				36888FED2044249700A20D90 /* crypto_scalarmult_curve25519.h */,
				36888FCA2044249500A20D90 /* crypto_scalarmult_ed25519.h */,
				36888FF62044249800A20D90 /* crypto_scalarmult.h */,
				36888FEA2044249700A20D90 /* crypto_secretbox_xchacha20poly1305.h */,
				36888FF92044249900A20D90 /* crypto_secretbox_xsalsa20poly1305.h */,
				36888FD42044249500A20D90 /* crypto_secretbox.h */,
				36888FE42044249700A20D90 /* crypto_secretstream_xchacha20poly1305.h */,
				36888FFD2044249900A20D90 /* crypto_shorthash_siphash24.h */,
				36888FE72044249700A20D90 /* crypto_shorthash.h */,
				36888FD72044249600A20D90 /* crypto_sign_ed25519.h */,
				36888FCE2044249500A20D90 /* crypto_sign_edwards25519sha512batch.h */,
				36888FDD2044249600A20D90 /* crypto_sign.h */,
				36888FE22044249600A20D90 /* crypto_stream_chacha20.h */,
				36888FEF2044249800A20D90 /* crypto_stream_salsa20.h */,
				36888FC42044249400A20D90 /* crypto_stream_salsa208.h */,
				36888FDF2044249600A20D90 /* crypto_stream_salsa2012.h */,
				36888FF32044249800A20D90 /* crypto_stream_xchacha20.h */,
				36888FCC2044249500A20D90 /* crypto_stream_xsalsa20.h */,
				36888FD52044249500A20D90 /* crypto_stream.h */,
				36888FEB2044249700A20D90 /* crypto_verify_16.h */,
				36888FD82044249600A20D90 /* crypto_verify_32.h */,
				36888FF42044249800A20D90 /* crypto_verify_64.h */,
				36888FE02044249600A20D90 /* export.h */,
				36888FCB2044249500A20D90 /* randombytes_salsa20_random.h */,
				36888FC82044249500A20D90 /* randombytes_sysrandom.h */,
				36888FD32044249500A20D90 /* randombytes.h */,
				36888FE92044249700A20D90 /* runtime.h */,
				36888FE52044249700A20D90 /* utils.h */,
				36888FCD2044249500A20D90 /* version.h */,
			);
			name = Headers;
			sourceTree = "<group>";
		};
		36AE23AA1F7D0FA300487FFC /* SwiftAPI */ = {
			isa = PBXGroup;
			children = (
				367B24342119ED32008D8DF5 /* Array+Extension.swift */,
				367B24322119E880008D8DF5 /* AWSSignature.swift */,
				36AE23BE1F7D31CA00487FFC /* Box.swift */,
				36AE23AD1F7D147600487FFC /* DataExtensions.swift */,
				36D5294D20442960009DFBA8 /* Error.swift */,
				36AE23AB1F7D0FB400487FFC /* Hash.swift */,
				36D363121F7E7EF6001207EC /* KeyPair.swift */,
				36AE23C01F7D31D100487FFC /* SecretBox.swift */,
				36D5294B2044284D009DFBA8 /* Sodium.swift */,
			);
			name = SwiftAPI;
			sourceTree = "<group>";
		};
		36D5294F20442E08009DFBA8 /* Frameworks */ = {
			isa = PBXGroup;
			children = (
				36D5295020442E08009DFBA8 /* Security.framework */,
			);
			name = Frameworks;
			sourceTree = "<group>";
		};
		36D5295B204430DD009DFBA8 /* SodiumTests2 */ = {
			isa = PBXGroup;
			children = (
				36D5295C204430DD009DFBA8 /* SodiumTests2.swift */,
				36D5295E204430DD009DFBA8 /* Info.plist */,
			);
			path = SodiumTests2;
			sourceTree = "<group>";
		};
/* End PBXGroup section */

/* Begin PBXHeadersBuildPhase section */
		361797F41F45B1D700F23298 /* Headers */ = {
			isa = PBXHeadersBuildPhase;
			buildActionMask = 2147483647;
			files = (
				368890152044249A00A20D90 /* crypto_kx.h in Headers */,
				368890312044249A00A20D90 /* crypto_pwhash.h in Headers */,
				3688903A2044249A00A20D90 /* crypto_onetimeauth_poly1305.h in Headers */,
				3688902C2044249A00A20D90 /* crypto_core_hchacha20.h in Headers */,
				368890032044249A00A20D90 /* crypto_auth_hmacsha512256.h in Headers */,
				3688900E2044249A00A20D90 /* crypto_kdf_blake2b.h in Headers */,
				3688900B2044249A00A20D90 /* crypto_box.h in Headers */,
				368890372044249A00A20D90 /* crypto_core_salsa208.h in Headers */,
				3688901A2044249A00A20D90 /* crypto_pwhash_scryptsalsa208sha256.h in Headers */,
				368890012044249A00A20D90 /* crypto_core_hsalsa20.h in Headers */,
				3688900C2044249A00A20D90 /* crypto_hash.h in Headers */,
				3688903B2044249A00A20D90 /* crypto_generichash_blake2b.h in Headers */,
				368890262044249A00A20D90 /* crypto_secretbox_xchacha20poly1305.h in Headers */,
				368890292044249A00A20D90 /* crypto_scalarmult_curve25519.h in Headers */,
				368890022044249A00A20D90 /* crypto_onetimeauth.h in Headers */,
				368890232044249A00A20D90 /* crypto_shorthash.h in Headers */,
				3688900D2044249A00A20D90 /* crypto_auth_hmacsha512.h in Headers */,
				368890172044249A00A20D90 /* crypto_pwhash_argon2i.h in Headers */,
				368890052044249A00A20D90 /* crypto_aead_chacha20poly1305.h in Headers */,
				368890132044249A00A20D90 /* crypto_sign_ed25519.h in Headers */,
				3688900F2044249A00A20D90 /* randombytes.h in Headers */,
				361797FC1F45B1D700F23298 /* Sodium.h in Headers */,
				3688902E2044249A00A20D90 /* crypto_core_ed25519.h in Headers */,
				368890082044249A00A20D90 /* crypto_stream_xsalsa20.h in Headers */,
				368890122044249A00A20D90 /* crypto_generichash.h in Headers */,
				368890342044249A00A20D90 /* crypto_core_salsa2012.h in Headers */,
				368890092044249A00A20D90 /* version.h in Headers */,
				3688902D2044249A00A20D90 /* crypto_box_curve25519xchacha20poly1305.h in Headers */,
				3688901F2044249A00A20D90 /* crypto_hash_sha512.h in Headers */,
				368890042044249A00A20D90 /* randombytes_sysrandom.h in Headers */,
				3688901B2044249A00A20D90 /* crypto_stream_salsa2012.h in Headers */,
				3688901E2044249A00A20D90 /* crypto_stream_chacha20.h in Headers */,
				368890332044249A00A20D90 /* crypto_aead_xchacha20poly1305.h in Headers */,
				368890142044249A00A20D90 /* crypto_verify_32.h in Headers */,
				368890382044249A00A20D90 /* crypto_hash_sha256.h in Headers */,
				368890322044249A00A20D90 /* crypto_scalarmult.h in Headers */,
				368890352044249A00A20D90 /* crypto_secretbox_xsalsa20poly1305.h in Headers */,
				368890302044249A00A20D90 /* crypto_verify_64.h in Headers */,
				3688901D2044249A00A20D90 /* crypto_pwhash_argon2id.h in Headers */,
				368890112044249A00A20D90 /* crypto_stream.h in Headers */,
				368890072044249A00A20D90 /* randombytes_salsa20_random.h in Headers */,
				368890272044249A00A20D90 /* crypto_verify_16.h in Headers */,
				3688901C2044249A00A20D90 /* export.h in Headers */,
				3688900A2044249A00A20D90 /* crypto_sign_edwards25519sha512batch.h in Headers */,
				368890182044249A00A20D90 /* crypto_auth_hmacsha256.h in Headers */,
				368890362044249A00A20D90 /* crypto_core_salsa20.h in Headers */,
				3688902A2044249A00A20D90 /* crypto_aead_aes256gcm.h in Headers */,
				368890002044249A00A20D90 /* crypto_stream_salsa208.h in Headers */,
				368890162044249A00A20D90 /* core.h in Headers */,
				368890212044249A00A20D90 /* utils.h in Headers */,
				368890222044249A00A20D90 /* crypto_kdf.h in Headers */,
				368890252044249A00A20D90 /* runtime.h in Headers */,
				368890242044249A00A20D90 /* crypto_auth.h in Headers */,
				368890192044249A00A20D90 /* crypto_sign.h in Headers */,
				3688902B2044249A00A20D90 /* crypto_stream_salsa20.h in Headers */,
				368890202044249A00A20D90 /* crypto_secretstream_xchacha20poly1305.h in Headers */,
				368890392044249A00A20D90 /* crypto_shorthash_siphash24.h in Headers */,
				3688902F2044249A00A20D90 /* crypto_stream_xchacha20.h in Headers */,
				368890282044249A00A20D90 /* crypto_box_curve25519xsalsa20poly1305.h in Headers */,
				368890062044249A00A20D90 /* crypto_scalarmult_ed25519.h in Headers */,
				368890102044249A00A20D90 /* crypto_secretbox.h in Headers */,
			);
			runOnlyForDeploymentPostprocessing = 0;
		};
/* End PBXHeadersBuildPhase section */

/* Begin PBXNativeTarget section */
		361797F61F45B1D700F23298 /* Sodium */ = {
			isa = PBXNativeTarget;
			buildConfigurationList = 361797FD1F45B1D700F23298 /* Build configuration list for PBXNativeTarget "Sodium" */;
			buildPhases = (
				2B74364222CA024D00B02765 /* ShellScript */,
				361797F21F45B1D700F23298 /* Sources */,
				361797F31F45B1D700F23298 /* Frameworks */,
				361797F41F45B1D700F23298 /* Headers */,
				361797F51F45B1D700F23298 /* Resources */,
			);
			buildRules = (
			);
			dependencies = (
			);
			name = Sodium;
			productName = Sodium;
			productReference = 361797F71F45B1D700F23298 /* Sodium.framework */;
			productType = "com.apple.product-type.framework";
		};
		36D52959204430DD009DFBA8 /* SodiumTests */ = {
			isa = PBXNativeTarget;
			buildConfigurationList = 36D52962204430DD009DFBA8 /* Build configuration list for PBXNativeTarget "SodiumTests" */;
			buildPhases = (
				36D52956204430DD009DFBA8 /* Sources */,
				36D52957204430DD009DFBA8 /* Frameworks */,
				36D52958204430DD009DFBA8 /* Resources */,
			);
			buildRules = (
			);
			dependencies = (
				36D52961204430DD009DFBA8 /* PBXTargetDependency */,
			);
			name = SodiumTests;
			productName = SodiumTests2;
			productReference = 36D5295A204430DD009DFBA8 /* SodiumTests.xctest */;
			productType = "com.apple.product-type.bundle.unit-test";
		};
/* End PBXNativeTarget section */

/* Begin PBXProject section */
		361797E81F45AC1600F23298 /* Project object */ = {
			isa = PBXProject;
			attributes = {
				LastSwiftUpdateCheck = 0920;
				LastUpgradeCheck = 1020;
				TargetAttributes = {
					361797F61F45B1D700F23298 = {
						CreatedOnToolsVersion = 8.3.3;
						DevelopmentTeam = N4FYS9Y56H;
						LastSwiftMigration = 1020;
						ProvisioningStyle = Automatic;
					};
					36D52959204430DD009DFBA8 = {
						CreatedOnToolsVersion = 9.2;
						DevelopmentTeam = N4FYS9Y56H;
						LastSwiftMigration = 1020;
						ProvisioningStyle = Automatic;
					};
				};
			};
			buildConfigurationList = 361797EB1F45AC1600F23298 /* Build configuration list for PBXProject "Sodium" */;
			compatibilityVersion = "Xcode 3.2";
			developmentRegion = en;
			hasScannedForEncodings = 0;
			knownRegions = (
				en,
				Base,
			);
			mainGroup = 361797E71F45AC1600F23298;
			productRefGroup = 361797F81F45B1D700F23298 /* Products */;
			projectDirPath = "";
			projectRoot = "";
			targets = (
				361797F61F45B1D700F23298 /* Sodium */,
				36D52959204430DD009DFBA8 /* SodiumTests */,
			);
		};
/* End PBXProject section */

/* Begin PBXResourcesBuildPhase section */
		361797F51F45B1D700F23298 /* Resources */ = {
			isa = PBXResourcesBuildPhase;
			buildActionMask = 2147483647;
			files = (
			);
			runOnlyForDeploymentPostprocessing = 0;
		};
		36D52958204430DD009DFBA8 /* Resources */ = {
			isa = PBXResourcesBuildPhase;
			buildActionMask = 2147483647;
			files = (
			);
			runOnlyForDeploymentPostprocessing = 0;
		};
/* End PBXResourcesBuildPhase section */

/* Begin PBXShellScriptBuildPhase section */
		2B74364222CA024D00B02765 /* ShellScript */ = {
			isa = PBXShellScriptBuildPhase;
			buildActionMask = 2147483647;
			files = (
			);
			inputFileListPaths = (
			);
			inputPaths = (
			);
			outputFileListPaths = (
			);
			outputPaths = (
			);
			runOnlyForDeploymentPostprocessing = 0;
			shellPath = /bin/sh;
			shellScript = "if which swiftlint >/dev/null; then\n    swiftlint\nelse\n    echo \"warning: SwiftLint not installed, download from https://github.com/realm/SwiftLint\"\nfi\n";
		};
/* End PBXShellScriptBuildPhase section */

/* Begin PBXSourcesBuildPhase section */
		361797F21F45B1D700F23298 /* Sources */ = {
			isa = PBXSourcesBuildPhase;
			buildActionMask = 2147483647;
			files = (
				36D363131F7E7EF6001207EC /* KeyPair.swift in Sources */,
				367B24352119ED32008D8DF5 /* Array+Extension.swift in Sources */,
				36AE23AC1F7D0FB400487FFC /* Hash.swift in Sources */,
				367B24332119E880008D8DF5 /* AWSSignature.swift in Sources */,
				36AE23BF1F7D31CA00487FFC /* Box.swift in Sources */,
				36AE23C11F7D31D100487FFC /* SecretBox.swift in Sources */,
				36D5294C2044284D009DFBA8 /* Sodium.swift in Sources */,
				36D5294E20442961009DFBA8 /* Error.swift in Sources */,
				36AE23AE1F7D147600487FFC /* DataExtensions.swift in Sources */,
			);
			runOnlyForDeploymentPostprocessing = 0;
		};
		36D52956204430DD009DFBA8 /* Sources */ = {
			isa = PBXSourcesBuildPhase;
			buildActionMask = 2147483647;
			files = (
				36D5295D204430DD009DFBA8 /* SodiumTests2.swift in Sources */,
			);
			runOnlyForDeploymentPostprocessing = 0;
		};
/* End PBXSourcesBuildPhase section */

/* Begin PBXTargetDependency section */
		36D52961204430DD009DFBA8 /* PBXTargetDependency */ = {
			isa = PBXTargetDependency;
			target = 361797F61F45B1D700F23298 /* Sodium */;
			targetProxy = 36D52960204430DD009DFBA8 /* PBXContainerItemProxy */;
		};
/* End PBXTargetDependency section */

/* Begin XCBuildConfiguration section */
		361797EC1F45AC1600F23298 /* Debug */ = {
			isa = XCBuildConfiguration;
			buildSettings = {
				CLANG_ANALYZER_LOCALIZABILITY_NONLOCALIZED = YES;
				CLANG_WARN_BLOCK_CAPTURE_AUTORELEASING = YES;
				CLANG_WARN_BOOL_CONVERSION = YES;
				CLANG_WARN_COMMA = YES;
				CLANG_WARN_CONSTANT_CONVERSION = YES;
				CLANG_WARN_DEPRECATED_OBJC_IMPLEMENTATIONS = YES;
				CLANG_WARN_EMPTY_BODY = YES;
				CLANG_WARN_ENUM_CONVERSION = YES;
				CLANG_WARN_INFINITE_RECURSION = YES;
				CLANG_WARN_INT_CONVERSION = YES;
				CLANG_WARN_NON_LITERAL_NULL_CONVERSION = YES;
				CLANG_WARN_OBJC_IMPLICIT_RETAIN_SELF = YES;
				CLANG_WARN_OBJC_LITERAL_CONVERSION = YES;
				CLANG_WARN_RANGE_LOOP_ANALYSIS = YES;
				CLANG_WARN_STRICT_PROTOTYPES = YES;
				CLANG_WARN_SUSPICIOUS_MOVE = YES;
				CLANG_WARN_UNREACHABLE_CODE = YES;
				CLANG_WARN__DUPLICATE_METHOD_MATCH = YES;
				ENABLE_STRICT_OBJC_MSGSEND = YES;
				ENABLE_TESTABILITY = YES;
				GCC_NO_COMMON_BLOCKS = YES;
				GCC_WARN_64_TO_32_BIT_CONVERSION = YES;
				GCC_WARN_ABOUT_RETURN_TYPE = YES;
				GCC_WARN_UNDECLARED_SELECTOR = YES;
				GCC_WARN_UNINITIALIZED_AUTOS = YES;
				GCC_WARN_UNUSED_FUNCTION = YES;
				GCC_WARN_UNUSED_VARIABLE = YES;
				IPHONEOS_DEPLOYMENT_TARGET = 9.3;
				ONLY_ACTIVE_ARCH = YES;
				SWIFT_VERSION = 4.0;
			};
			name = Debug;
		};
		361797ED1F45AC1600F23298 /* Release */ = {
			isa = XCBuildConfiguration;
			buildSettings = {
				CLANG_ANALYZER_LOCALIZABILITY_NONLOCALIZED = YES;
				CLANG_WARN_BLOCK_CAPTURE_AUTORELEASING = YES;
				CLANG_WARN_BOOL_CONVERSION = YES;
				CLANG_WARN_COMMA = YES;
				CLANG_WARN_CONSTANT_CONVERSION = YES;
				CLANG_WARN_DEPRECATED_OBJC_IMPLEMENTATIONS = YES;
				CLANG_WARN_EMPTY_BODY = YES;
				CLANG_WARN_ENUM_CONVERSION = YES;
				CLANG_WARN_INFINITE_RECURSION = YES;
				CLANG_WARN_INT_CONVERSION = YES;
				CLANG_WARN_NON_LITERAL_NULL_CONVERSION = YES;
				CLANG_WARN_OBJC_IMPLICIT_RETAIN_SELF = YES;
				CLANG_WARN_OBJC_LITERAL_CONVERSION = YES;
				CLANG_WARN_RANGE_LOOP_ANALYSIS = YES;
				CLANG_WARN_STRICT_PROTOTYPES = YES;
				CLANG_WARN_SUSPICIOUS_MOVE = YES;
				CLANG_WARN_UNREACHABLE_CODE = YES;
				CLANG_WARN__DUPLICATE_METHOD_MATCH = YES;
				ENABLE_STRICT_OBJC_MSGSEND = YES;
				GCC_NO_COMMON_BLOCKS = YES;
				GCC_WARN_64_TO_32_BIT_CONVERSION = YES;
				GCC_WARN_ABOUT_RETURN_TYPE = YES;
				GCC_WARN_UNDECLARED_SELECTOR = YES;
				GCC_WARN_UNINITIALIZED_AUTOS = YES;
				GCC_WARN_UNUSED_FUNCTION = YES;
				GCC_WARN_UNUSED_VARIABLE = YES;
				IPHONEOS_DEPLOYMENT_TARGET = 9.3;
				SWIFT_VERSION = 4.0;
			};
			name = Release;
		};
		361797FE1F45B1D700F23298 /* Debug */ = {
			isa = XCBuildConfiguration;
			buildSettings = {
				ALWAYS_SEARCH_USER_PATHS = NO;
				CLANG_ANALYZER_NONNULL = YES;
				CLANG_ANALYZER_NUMBER_OBJECT_CONVERSION = YES_AGGRESSIVE;
				CLANG_CXX_LANGUAGE_STANDARD = "gnu++0x";
				CLANG_CXX_LIBRARY = "libc++";
				CLANG_ENABLE_MODULES = YES;
				CLANG_ENABLE_OBJC_ARC = YES;
				CLANG_WARN_BOOL_CONVERSION = YES;
				CLANG_WARN_CONSTANT_CONVERSION = YES;
				CLANG_WARN_DIRECT_OBJC_ISA_USAGE = YES_ERROR;
				CLANG_WARN_DOCUMENTATION_COMMENTS = YES;
				CLANG_WARN_EMPTY_BODY = YES;
				CLANG_WARN_ENUM_CONVERSION = YES;
				CLANG_WARN_INFINITE_RECURSION = YES;
				CLANG_WARN_INT_CONVERSION = YES;
				CLANG_WARN_OBJC_ROOT_CLASS = YES_ERROR;
				CLANG_WARN_SUSPICIOUS_MOVE = YES;
				CLANG_WARN_UNREACHABLE_CODE = YES;
				CLANG_WARN__DUPLICATE_METHOD_MATCH = YES;
				CODE_SIGN_IDENTITY = "";
				"CODE_SIGN_IDENTITY[sdk=iphoneos*]" = "";
				COPY_PHASE_STRIP = NO;
				CURRENT_PROJECT_VERSION = 1;
				DEBUG_INFORMATION_FORMAT = dwarf;
				DEFINES_MODULE = YES;
				DEVELOPMENT_TEAM = N4FYS9Y56H;
				DYLIB_COMPATIBILITY_VERSION = 1;
				DYLIB_CURRENT_VERSION = 1;
				DYLIB_INSTALL_NAME_BASE = "@rpath";
				ENABLE_STRICT_OBJC_MSGSEND = YES;
				ENABLE_TESTABILITY = YES;
				GCC_C_LANGUAGE_STANDARD = gnu99;
				GCC_DYNAMIC_NO_PIC = NO;
				GCC_NO_COMMON_BLOCKS = YES;
				GCC_OPTIMIZATION_LEVEL = 0;
				GCC_PREPROCESSOR_DEFINITIONS = (
					"DEBUG=1",
					"$(inherited)",
				);
				GCC_WARN_64_TO_32_BIT_CONVERSION = YES;
				GCC_WARN_ABOUT_RETURN_TYPE = YES_ERROR;
				GCC_WARN_UNDECLARED_SELECTOR = YES;
				GCC_WARN_UNINITIALIZED_AUTOS = YES_AGGRESSIVE;
				GCC_WARN_UNUSED_FUNCTION = YES;
				GCC_WARN_UNUSED_VARIABLE = YES;
				HEADER_SEARCH_PATHS = "\"$(SRCROOT)/libsodium/src/libsodium/include/sodium\"";
				INFOPLIST_FILE = Sodium/Info.plist;
				INSTALL_PATH = "$(LOCAL_LIBRARY_DIR)/Frameworks";
				IPHONEOS_DEPLOYMENT_TARGET = 9.0;
				LD_RUNPATH_SEARCH_PATHS = "$(inherited) @executable_path/Frameworks @loader_path/Frameworks";
				LIBRARY_SEARCH_PATHS = (
					"$(inherited)",
					"$(PROJECT_DIR)",
				);
				MTL_ENABLE_DEBUG_INFO = YES;
				ONLY_ACTIVE_ARCH = YES;
				PRODUCT_BUNDLE_IDENTIFIER = com.exurion.Sodium;
				PRODUCT_NAME = "$(TARGET_NAME)";
				SDKROOT = iphoneos;
				SKIP_INSTALL = YES;
				SWIFT_ACTIVE_COMPILATION_CONDITIONS = DEBUG;
				SWIFT_OPTIMIZATION_LEVEL = "-Onone";
				SWIFT_VERSION = 5.0;
				TARGETED_DEVICE_FAMILY = "1,2";
				VERSIONING_SYSTEM = "apple-generic";
				VERSION_INFO_PREFIX = "";
			};
			name = Debug;
		};
		361797FF1F45B1D700F23298 /* Release */ = {
			isa = XCBuildConfiguration;
			buildSettings = {
				ALWAYS_SEARCH_USER_PATHS = NO;
				CLANG_ANALYZER_NONNULL = YES;
				CLANG_ANALYZER_NUMBER_OBJECT_CONVERSION = YES_AGGRESSIVE;
				CLANG_CXX_LANGUAGE_STANDARD = "gnu++0x";
				CLANG_CXX_LIBRARY = "libc++";
				CLANG_ENABLE_MODULES = YES;
				CLANG_ENABLE_OBJC_ARC = YES;
				CLANG_WARN_BOOL_CONVERSION = YES;
				CLANG_WARN_CONSTANT_CONVERSION = YES;
				CLANG_WARN_DIRECT_OBJC_ISA_USAGE = YES_ERROR;
				CLANG_WARN_DOCUMENTATION_COMMENTS = YES;
				CLANG_WARN_EMPTY_BODY = YES;
				CLANG_WARN_ENUM_CONVERSION = YES;
				CLANG_WARN_INFINITE_RECURSION = YES;
				CLANG_WARN_INT_CONVERSION = YES;
				CLANG_WARN_OBJC_ROOT_CLASS = YES_ERROR;
				CLANG_WARN_SUSPICIOUS_MOVE = YES;
				CLANG_WARN_UNREACHABLE_CODE = YES;
				CLANG_WARN__DUPLICATE_METHOD_MATCH = YES;
				CODE_SIGN_IDENTITY = "";
				"CODE_SIGN_IDENTITY[sdk=iphoneos*]" = "";
				COPY_PHASE_STRIP = NO;
				CURRENT_PROJECT_VERSION = 1;
				DEBUG_INFORMATION_FORMAT = "dwarf-with-dsym";
				DEFINES_MODULE = YES;
				DEVELOPMENT_TEAM = N4FYS9Y56H;
				DYLIB_COMPATIBILITY_VERSION = 1;
				DYLIB_CURRENT_VERSION = 1;
				DYLIB_INSTALL_NAME_BASE = "@rpath";
				ENABLE_NS_ASSERTIONS = NO;
				ENABLE_STRICT_OBJC_MSGSEND = YES;
				GCC_C_LANGUAGE_STANDARD = gnu99;
				GCC_NO_COMMON_BLOCKS = YES;
				GCC_WARN_64_TO_32_BIT_CONVERSION = YES;
				GCC_WARN_ABOUT_RETURN_TYPE = YES_ERROR;
				GCC_WARN_UNDECLARED_SELECTOR = YES;
				GCC_WARN_UNINITIALIZED_AUTOS = YES_AGGRESSIVE;
				GCC_WARN_UNUSED_FUNCTION = YES;
				GCC_WARN_UNUSED_VARIABLE = YES;
				HEADER_SEARCH_PATHS = "\"$(SRCROOT)/libsodium/src/libsodium/include/sodium\"";
				INFOPLIST_FILE = Sodium/Info.plist;
				INSTALL_PATH = "$(LOCAL_LIBRARY_DIR)/Frameworks";
				IPHONEOS_DEPLOYMENT_TARGET = 9.0;
				LD_RUNPATH_SEARCH_PATHS = "$(inherited) @executable_path/Frameworks @loader_path/Frameworks";
				LIBRARY_SEARCH_PATHS = (
					"$(inherited)",
					"$(PROJECT_DIR)",
				);
				MTL_ENABLE_DEBUG_INFO = NO;
				PRODUCT_BUNDLE_IDENTIFIER = com.exurion.Sodium;
				PRODUCT_NAME = "$(TARGET_NAME)";
				SDKROOT = iphoneos;
				SKIP_INSTALL = YES;
				SWIFT_OPTIMIZATION_LEVEL = "-Owholemodule";
				SWIFT_VERSION = 5.0;
				TARGETED_DEVICE_FAMILY = "1,2";
				VALIDATE_PRODUCT = YES;
				VERSIONING_SYSTEM = "apple-generic";
				VERSION_INFO_PREFIX = "";
			};
			name = Release;
		};
		36D52963204430DD009DFBA8 /* Debug */ = {
			isa = XCBuildConfiguration;
			buildSettings = {
				ALWAYS_SEARCH_USER_PATHS = NO;
				CLANG_ANALYZER_NONNULL = YES;
				CLANG_ANALYZER_NUMBER_OBJECT_CONVERSION = YES_AGGRESSIVE;
				CLANG_CXX_LANGUAGE_STANDARD = "gnu++14";
				CLANG_CXX_LIBRARY = "libc++";
				CLANG_ENABLE_MODULES = YES;
				CLANG_ENABLE_OBJC_ARC = YES;
				CLANG_WARN_DIRECT_OBJC_ISA_USAGE = YES_ERROR;
				CLANG_WARN_DOCUMENTATION_COMMENTS = YES;
				CLANG_WARN_OBJC_ROOT_CLASS = YES_ERROR;
				CLANG_WARN_UNGUARDED_AVAILABILITY = YES_AGGRESSIVE;
				CODE_SIGN_IDENTITY = "iPhone Developer";
				CODE_SIGN_STYLE = Automatic;
				COPY_PHASE_STRIP = NO;
				DEBUG_INFORMATION_FORMAT = dwarf;
				DEVELOPMENT_TEAM = N4FYS9Y56H;
				GCC_C_LANGUAGE_STANDARD = gnu11;
				GCC_DYNAMIC_NO_PIC = NO;
				GCC_OPTIMIZATION_LEVEL = 0;
				GCC_PREPROCESSOR_DEFINITIONS = (
					"DEBUG=1",
					"$(inherited)",
				);
				GCC_WARN_ABOUT_RETURN_TYPE = YES_ERROR;
				GCC_WARN_UNINITIALIZED_AUTOS = YES_AGGRESSIVE;
				INFOPLIST_FILE = SodiumTests2/Info.plist;
				IPHONEOS_DEPLOYMENT_TARGET = 11.2;
				LD_RUNPATH_SEARCH_PATHS = "$(inherited) @executable_path/Frameworks @loader_path/Frameworks";
				MTL_ENABLE_DEBUG_INFO = YES;
				PRODUCT_BUNDLE_IDENTIFIER = com.exurion.SodiumTests2;
				PRODUCT_NAME = "$(TARGET_NAME)";
				SDKROOT = iphoneos;
				SWIFT_ACTIVE_COMPILATION_CONDITIONS = DEBUG;
				SWIFT_OPTIMIZATION_LEVEL = "-Onone";
				SWIFT_VERSION = 5.0;
				TARGETED_DEVICE_FAMILY = "1,2";
			};
			name = Debug;
		};
		36D52964204430DD009DFBA8 /* Release */ = {
			isa = XCBuildConfiguration;
			buildSettings = {
				ALWAYS_SEARCH_USER_PATHS = NO;
				CLANG_ANALYZER_NONNULL = YES;
				CLANG_ANALYZER_NUMBER_OBJECT_CONVERSION = YES_AGGRESSIVE;
				CLANG_CXX_LANGUAGE_STANDARD = "gnu++14";
				CLANG_CXX_LIBRARY = "libc++";
				CLANG_ENABLE_MODULES = YES;
				CLANG_ENABLE_OBJC_ARC = YES;
				CLANG_WARN_DIRECT_OBJC_ISA_USAGE = YES_ERROR;
				CLANG_WARN_DOCUMENTATION_COMMENTS = YES;
				CLANG_WARN_OBJC_ROOT_CLASS = YES_ERROR;
				CLANG_WARN_UNGUARDED_AVAILABILITY = YES_AGGRESSIVE;
				CODE_SIGN_IDENTITY = "iPhone Developer";
				CODE_SIGN_STYLE = Automatic;
				COPY_PHASE_STRIP = NO;
				DEBUG_INFORMATION_FORMAT = "dwarf-with-dsym";
				DEVELOPMENT_TEAM = N4FYS9Y56H;
				ENABLE_NS_ASSERTIONS = NO;
				GCC_C_LANGUAGE_STANDARD = gnu11;
				GCC_WARN_ABOUT_RETURN_TYPE = YES_ERROR;
				GCC_WARN_UNINITIALIZED_AUTOS = YES_AGGRESSIVE;
				INFOPLIST_FILE = SodiumTests2/Info.plist;
				IPHONEOS_DEPLOYMENT_TARGET = 11.2;
				LD_RUNPATH_SEARCH_PATHS = "$(inherited) @executable_path/Frameworks @loader_path/Frameworks";
				MTL_ENABLE_DEBUG_INFO = NO;
				PRODUCT_BUNDLE_IDENTIFIER = com.exurion.SodiumTests2;
				PRODUCT_NAME = "$(TARGET_NAME)";
				SDKROOT = iphoneos;
				SWIFT_OPTIMIZATION_LEVEL = "-Owholemodule";
				SWIFT_VERSION = 5.0;
				TARGETED_DEVICE_FAMILY = "1,2";
				VALIDATE_PRODUCT = YES;
			};
			name = Release;
		};
/* End XCBuildConfiguration section */

/* Begin XCConfigurationList section */
		361797EB1F45AC1600F23298 /* Build configuration list for PBXProject "Sodium" */ = {
			isa = XCConfigurationList;
			buildConfigurations = (
				361797EC1F45AC1600F23298 /* Debug */,
				361797ED1F45AC1600F23298 /* Release */,
			);
			defaultConfigurationIsVisible = 0;
			defaultConfigurationName = Release;
		};
		361797FD1F45B1D700F23298 /* Build configuration list for PBXNativeTarget "Sodium" */ = {
			isa = XCConfigurationList;
			buildConfigurations = (
				361797FE1F45B1D700F23298 /* Debug */,
				361797FF1F45B1D700F23298 /* Release */,
			);
			defaultConfigurationIsVisible = 0;
			defaultConfigurationName = Release;
		};
		36D52962204430DD009DFBA8 /* Build configuration list for PBXNativeTarget "SodiumTests" */ = {
			isa = XCConfigurationList;
			buildConfigurations = (
				36D52963204430DD009DFBA8 /* Debug */,
				36D52964204430DD009DFBA8 /* Release */,
			);
			defaultConfigurationIsVisible = 0;
			defaultConfigurationName = Release;
		};
/* End XCConfigurationList section */
	};
	rootObject = 361797E81F45AC1600F23298 /* Project object */;
}
